{
  "object": {
    "pins": [
      {
        "package": "ProtocolKit",
        "repositoryURL": "git@github.com:Samasaur1/ProtocolKit.git",
        "state": {
          "branch": null,
          "revision": "26092eccd7756778c76d2c93fe6eb4ac26d3c332",
          "version": "1.0.2"
        }
      }
    ]
  },
  "version": 1
}
